
Microsoft Visual Studio Solution File, Format Version 12.00
# Visual Studio Version 17
VisualStudioVersion = 17.10.35122.118
MinimumVisualStudioVersion = 10.0.40219.1
Project("{FAE04EC0-301F-11D3-BF4B-00C04F79EFBC}") = "ReportCoffeeCafe", "CoffeeShope\ReportCoffeeCafe.csproj", "{1E21822A-E4E7-4505-9763-E01C98A4493F}"
EndProject
Global
	GlobalSection(SolutionConfigurationPlatforms) = preSolution
		Debug|Any CPU = Debug|Any CPU
		Release|Any CPU = Release|Any CPU
	EndGlobalSection
	GlobalSection(ProjectConfigurationPlatforms) = postSolution
		{1E21822A-E4E7-4505-9763-E01C98A4493F}.Debug|Any CPU.ActiveCfg = Debug|Any CPU
		{1E21822A-E4E7-4505-9763-E01C98A4493F}.Debug|Any CPU.Build.0 = Debug|Any CPU
		{1E21822A-E4E7-4505-9763-E01C98A4493F}.Release|Any CPU.ActiveCfg = Release|Any CPU
		{1E21822A-E4E7-4505-9763-E01C98A4493F}.Release|Any CPU.Build.0 = Release|Any CPU
	EndGlobalSection
	GlobalSection(SolutionProperties) = preSolution
		HideSolutionNode = FALSE
	EndGlobalSection
	GlobalSection(ExtensibilityGlobals) = postSolution
		SolutionGuid = {47B40473-385C-4BC1-AFAA-9CED0FA70DBB}
	EndGlobalSection
EndGlobal
